{
  "name": "latency-regression-demo-after",
  "version": "1.0.0",
  "lockfileVersion": 3,
  "requires": true,
  "packages": {
    "": {
      "name": "latency-regression-demo-after",
      "version": "1.0.0",
      "dependencies": {
        "braintrust": "file:../../../../workspace/braintrust-sdk-javascript/js",
        "dotenv": "^16.4.7"
      }
    },
    "../../../../workspace/braintrust-sdk-javascript/js": {
      "name": "braintrust",
      "version": "3.2.0",
      "license": "MIT",
      "dependencies": {
        "@ai-sdk/provider": "^1.1.3",
        "@apm-js-collab/code-transformer": "^0.9.0",
        "@next/env": "^14.2.3",
        "@vercel/functions": "^1.0.2",
        "ajv": "^8.17.1",
        "argparse": "^2.0.1",
        "boxen": "^8.0.1",
        "chalk": "^4.1.2",
        "cli-progress": "^3.12.0",
        "cli-table3": "^0.6.5",
        "cors": "^2.8.5",
        "dc-browser": "^1.0.2",
        "dotenv": "^16.4.5",
        "esbuild": "^0.27.0",
        "eventsource-parser": "^1.1.2",
        "express": "^4.21.2",
        "graceful-fs": "^4.2.11",
        "http-errors": "^2.0.0",
        "minimatch": "^9.0.3",
        "module-details-from-path": "^1.0.4",
        "mustache": "^4.2.0",
        "pluralize": "^8.0.0",
        "simple-git": "^3.21.0",
        "source-map": "^0.7.4",
        "termi-link": "^1.0.1",
        "unplugin": "^2.3.5",
        "uuid": "^9.0.1",
        "zod-to-json-schema": "^3.25.0"
      },
      "bin": {
        "braintrust": "dist/cli.js"
      },
      "devDependencies": {
        "@ai-sdk/anthropic": "2.0.37",
        "@anthropic-ai/sdk": "^0.60.0",
        "@google/genai": "^1.25.0",
        "@jest/globals": "^29.7.0",
        "@nodelib/fs.walk": "^1.2.8",
        "@openai/agents": "^0.0.14",
        "@types/argparse": "^2.0.14",
        "@types/async": "^3.2.24",
        "@types/cli-progress": "^3.11.5",
        "@types/cors": "^2.8.17",
        "@types/express": "^5.0.0",
        "@types/graceful-fs": "^4.1.9",
        "@types/http-errors": "^2.0.4",
        "@types/mustache": "^4.2.5",
        "@types/node": "^20.10.5",
        "@types/pluralize": "^0.0.30",
        "@types/tar": "^6.1.13",
        "@types/uuid": "^9.0.7",
        "@typescript-eslint/eslint-plugin": "^8.49.0",
        "@typescript-eslint/parser": "^8.49.0",
        "ai": "^6.0.0",
        "async": "^3.2.5",
        "autoevals": "^0.0.131",
        "cross-env": "^7.0.3",
        "eslint-plugin-node-import": "^1.0.5",
        "jiti": "^2.6.1",
        "openapi-zod-client": "^1.18.3",
        "rollup": "^4.28.1",
        "tar": "^7.5.2",
        "tinybench": "^4.0.1",
        "ts-jest": "^29.1.4",
        "tsup": "^8.5.1",
        "tsx": "^3.14.0",
        "typedoc": "^0.25.13",
        "typedoc-plugin-markdown": "^3.17.1",
        "typescript": "5.4.4",
        "vite": "^5.4.14",
        "vite-tsconfig-paths": "^4.3.2",
        "vitest": "^2.1.9",
        "webpack": "^5.97.1",
        "zod": "^3.25.34"
      },
      "peerDependencies": {
        "zod": "^3.25.34 || ^4.0"
      }
    },
    "node_modules/braintrust": {
      "resolved": "../../../../workspace/braintrust-sdk-javascript/js",
      "link": true
    },
    "node_modules/dotenv": {
      "version": "16.6.1",
      "resolved": "https://registry.npmjs.org/dotenv/-/dotenv-16.6.1.tgz",
      "integrity": "sha512-uBq4egWHTcTt33a72vpSG0z3HnPuIl6NqYcTrKEg2azoEyl2hpW0zqlxysq2pK9HlDIHyHyakeYaYnSAwd8bow==",
      "license": "BSD-2-Clause",
      "engines": {
        "node": ">=12"
      },
      "funding": {
        "url": "https://dotenvx.com"
      }
    }
  }
}
